version = 1
revision = 2
requires-python = ">=3.12"

[[package]]
name = "absl-py"
version = "2.3.0"
source = { registry = "https://pypi.org/simple" }
sdist = { url = "https://files.pythonhosted.org/packages/03/15/18693af986560a5c3cc0b84a8046b536ffb2cdb536e03cce897f2759e284/absl_py-2.3.0.tar.gz", hash = "sha256:d96fda5c884f1b22178852f30ffa85766d50b99e00775ea626c23304f582fc4f", size = 116400, upload-time = "2025-05-27T09:15:50.143Z" }
wheels = [
    { url = "https://files.pythonhosted.org/packages/87/04/9d75e1d3bb4ab8ec67ff10919476ccdee06c098bcfcf3a352da5f985171d/absl_py-2.3.0-py3-none-any.whl", hash = "sha256:9824a48b654a306168f63e0d97714665f8490b8d89ec7bf2efc24bf67cf579b3", size = 135657, upload-time = "2025-05-27T09:15:48.742Z" },
]

[[package]]
name = "japy-lang"
version = "0.1.1"
source = { editable = "." }
dependencies = [
    { name = "absl-py" },
]

[package.metadata]
requires-dist = [{ name = "absl-py", specifier = ">=2.3.0" }]

[package.metadata.requires-dev]
dev = []
